
Microsoft Visual Studio Solution File, Format Version 12.00
# Visual Studio Version 16
VisualStudioVersion = 16.0.30320.27
MinimumVisualStudioVersion = 10.0.40219.1
Project("{FAE04EC0-301F-11D3-BF4B-00C04F79EFBC}") = "DDDCourse", "DDDCourse\DDDCourse.csproj", "{802557B9-1543-4D1F-8764-D5D11A79CA13}"
EndProject
Project("{FAE04EC0-301F-11D3-BF4B-00C04F79EFBC}") = "DDDCourse.Tests", "DDDCourse.Tests\DDDCourse.Tests.csproj", "{EAA0C9AB-D1FC-4C6D-B74E-5D1CA99DC7E3}"
EndProject
Global
	GlobalSection(SolutionConfigurationPlatforms) = preSolution
		Debug|Any CPU = Debug|Any CPU
		Release|Any CPU = Release|Any CPU
	EndGlobalSection
	GlobalSection(ProjectConfigurationPlatforms) = postSolution
		{802557B9-1543-4D1F-8764-D5D11A79CA13}.Debug|Any CPU.ActiveCfg = Debug|Any CPU
		{802557B9-1543-4D1F-8764-D5D11A79CA13}.Debug|Any CPU.Build.0 = Debug|Any CPU
		{802557B9-1543-4D1F-8764-D5D11A79CA13}.Release|Any CPU.ActiveCfg = Release|Any CPU
		{802557B9-1543-4D1F-8764-D5D11A79CA13}.Release|Any CPU.Build.0 = Release|Any CPU
		{EAA0C9AB-D1FC-4C6D-B74E-5D1CA99DC7E3}.Debug|Any CPU.ActiveCfg = Debug|Any CPU
		{EAA0C9AB-D1FC-4C6D-B74E-5D1CA99DC7E3}.Debug|Any CPU.Build.0 = Debug|Any CPU
		{EAA0C9AB-D1FC-4C6D-B74E-5D1CA99DC7E3}.Release|Any CPU.ActiveCfg = Release|Any CPU
		{EAA0C9AB-D1FC-4C6D-B74E-5D1CA99DC7E3}.Release|Any CPU.Build.0 = Release|Any CPU
	EndGlobalSection
	GlobalSection(SolutionProperties) = preSolution
		HideSolutionNode = FALSE
	EndGlobalSection
	GlobalSection(ExtensibilityGlobals) = postSolution
		SolutionGuid = {1ABF11E1-2F06-4D11-9C0E-586630F29D17}
	EndGlobalSection
EndGlobal
